
Microsoft Visual Studio Solution File, Format Version 12.00
# Visual Studio Version 17
VisualStudioVersion = 17.4.33213.308
MinimumVisualStudioVersion = 10.0.40219.1
Project("{FAE04EC0-301F-11D3-BF4B-00C04F79EFBC}") = "telegrammBot", "telegrammBot\telegrammBot.csproj", "{80BE63E0-DC1F-4669-A178-3CCF0C327647}"
EndProject
Global
	GlobalSection(SolutionConfigurationPlatforms) = preSolution
		Debug|Any CPU = Debug|Any CPU
		Release|Any CPU = Release|Any CPU
	EndGlobalSection
	GlobalSection(ProjectConfigurationPlatforms) = postSolution
		{80BE63E0-DC1F-4669-A178-3CCF0C327647}.Debug|Any CPU.ActiveCfg = Debug|Any CPU
		{80BE63E0-DC1F-4669-A178-3CCF0C327647}.Debug|Any CPU.Build.0 = Debug|Any CPU
		{80BE63E0-DC1F-4669-A178-3CCF0C327647}.Release|Any CPU.ActiveCfg = Release|Any CPU
		{80BE63E0-DC1F-4669-A178-3CCF0C327647}.Release|Any CPU.Build.0 = Release|Any CPU
	EndGlobalSection
	GlobalSection(SolutionProperties) = preSolution
		HideSolutionNode = FALSE
	EndGlobalSection
	GlobalSection(ExtensibilityGlobals) = postSolution
		SolutionGuid = {E60214D7-6A9A-4607-B176-646145222E8A}
	EndGlobalSection
EndGlobal
